
Microsoft Visual Studio Solution File, Format Version 12.00
# Visual Studio 15
VisualStudioVersion = 15.0.28010.2046
MinimumVisualStudioVersion = 10.0.40219.1
Project("{FAE04EC0-301F-11D3-BF4B-00C04F79EFBC}") = "ProcessDemo", "ProcessManipulator\ProcessDemo.csproj", "{4E13C58F-536F-4149-AC2C-EB22C5F42619}"
EndProject
Project("{FAE04EC0-301F-11D3-BF4B-00C04F79EFBC}") = "DefaultAppDomainApp", "DefaultAppDomainApp\DefaultAppDomainApp.csproj", "{77511153-0B46-468B-A558-9B931ADA602F}"
EndProject
Project("{FAE04EC0-301F-11D3-BF4B-00C04F79EFBC}") = "CustomAppDomains", "CustomAppDomains\CustomAppDomains.csproj", "{806829F0-73BA-41B5-8FC8-C79269F44572}"
EndProject
Project("{FAE04EC0-301F-11D3-BF4B-00C04F79EFBC}") = "Test", "Test\Test.csproj", "{243E705C-E15E-4DDA-9248-3E33F71AC559}"
EndProject
Project("{FAE04EC0-301F-11D3-BF4B-00C04F79EFBC}") = "ObjectContextApp", "ObjectContextApp\ObjectContextApp.csproj", "{E2478FE5-3731-4DC0-B249-19E39B697AA6}"
EndProject
Global
	GlobalSection(SolutionConfigurationPlatforms) = preSolution
		Debug|Any CPU = Debug|Any CPU
		Release|Any CPU = Release|Any CPU
	EndGlobalSection
	GlobalSection(ProjectConfigurationPlatforms) = postSolution
		{4E13C58F-536F-4149-AC2C-EB22C5F42619}.Debug|Any CPU.ActiveCfg = Debug|Any CPU
		{4E13C58F-536F-4149-AC2C-EB22C5F42619}.Debug|Any CPU.Build.0 = Debug|Any CPU
		{4E13C58F-536F-4149-AC2C-EB22C5F42619}.Release|Any CPU.ActiveCfg = Release|Any CPU
		{4E13C58F-536F-4149-AC2C-EB22C5F42619}.Release|Any CPU.Build.0 = Release|Any CPU
		{77511153-0B46-468B-A558-9B931ADA602F}.Debug|Any CPU.ActiveCfg = Debug|Any CPU
		{77511153-0B46-468B-A558-9B931ADA602F}.Debug|Any CPU.Build.0 = Debug|Any CPU
		{77511153-0B46-468B-A558-9B931ADA602F}.Release|Any CPU.ActiveCfg = Release|Any CPU
		{77511153-0B46-468B-A558-9B931ADA602F}.Release|Any CPU.Build.0 = Release|Any CPU
		{806829F0-73BA-41B5-8FC8-C79269F44572}.Debug|Any CPU.ActiveCfg = Debug|Any CPU
		{806829F0-73BA-41B5-8FC8-C79269F44572}.Debug|Any CPU.Build.0 = Debug|Any CPU
		{806829F0-73BA-41B5-8FC8-C79269F44572}.Release|Any CPU.ActiveCfg = Release|Any CPU
		{806829F0-73BA-41B5-8FC8-C79269F44572}.Release|Any CPU.Build.0 = Release|Any CPU
		{243E705C-E15E-4DDA-9248-3E33F71AC559}.Debug|Any CPU.ActiveCfg = Debug|Any CPU
		{243E705C-E15E-4DDA-9248-3E33F71AC559}.Debug|Any CPU.Build.0 = Debug|Any CPU
		{243E705C-E15E-4DDA-9248-3E33F71AC559}.Release|Any CPU.ActiveCfg = Release|Any CPU
		{243E705C-E15E-4DDA-9248-3E33F71AC559}.Release|Any CPU.Build.0 = Release|Any CPU
		{E2478FE5-3731-4DC0-B249-19E39B697AA6}.Debug|Any CPU.ActiveCfg = Debug|Any CPU
		{E2478FE5-3731-4DC0-B249-19E39B697AA6}.Debug|Any CPU.Build.0 = Debug|Any CPU
		{E2478FE5-3731-4DC0-B249-19E39B697AA6}.Release|Any CPU.ActiveCfg = Release|Any CPU
		{E2478FE5-3731-4DC0-B249-19E39B697AA6}.Release|Any CPU.Build.0 = Release|Any CPU
	EndGlobalSection
	GlobalSection(SolutionProperties) = preSolution
		HideSolutionNode = FALSE
	EndGlobalSection
	GlobalSection(ExtensibilityGlobals) = postSolution
		SolutionGuid = {39B87482-CF21-4B56-8F37-B456463564BF}
	EndGlobalSection
EndGlobal
